// !$*UTF8*$!
{
	archiveVersion = 1;
	classes = {
	};
	objectVersion = 46;
	objects = {

/* Begin PBXBuildFile section */
		1B09EEB019DBD5B00049F667 /* EKPDashboardViewController.m in Sources */ = {isa = PBXBuildFile; fileRef = 1B09EEAF19DBD5B00049F667 /* EKPDashboardViewController.m */; };
		1B4A310019D967000067B674 /* Foundation.framework in Frameworks */ = {isa = PBXBuildFile; fileRef = 1B4A30FF19D967000067B674 /* Foundation.framework */; };
		1B4A310219D967000067B674 /* CoreGraphics.framework in Frameworks */ = {isa = PBXBuildFile; fileRef = 1B4A310119D967000067B674 /* CoreGraphics.framework */; };
		1B4A310419D967000067B674 /* UIKit.framework in Frameworks */ = {isa = PBXBuildFile; fileRef = 1B4A310319D967000067B674 /* UIKit.framework */; };
		1B4A310A19D967000067B674 /* InfoPlist.strings in Resources */ = {isa = PBXBuildFile; fileRef = 1B4A310819D967000067B674 /* InfoPlist.strings */; };
		1B4A310C19D967000067B674 /* main.m in Sources */ = {isa = PBXBuildFile; fileRef = 1B4A310B19D967000067B674 /* main.m */; };
		1B4A311019D967000067B674 /* EKPAppDelegate.m in Sources */ = {isa = PBXBuildFile; fileRef = 1B4A310F19D967000067B674 /* EKPAppDelegate.m */; };
		1B4A311219D967000067B674 /* Images.xcassets in Resources */ = {isa = PBXBuildFile; fileRef = 1B4A311119D967000067B674 /* Images.xcassets */; };
		1B4A311919D967000067B674 /* XCTest.framework in Frameworks */ = {isa = PBXBuildFile; fileRef = 1B4A311819D967000067B674 /* XCTest.framework */; };
		1B4A311A19D967000067B674 /* Foundation.framework in Frameworks */ = {isa = PBXBuildFile; fileRef = 1B4A30FF19D967000067B674 /* Foundation.framework */; };
		1B4A311B19D967000067B674 /* UIKit.framework in Frameworks */ = {isa = PBXBuildFile; fileRef = 1B4A310319D967000067B674 /* UIKit.framework */; };
		1B4A312319D967000067B674 /* InfoPlist.strings in Resources */ = {isa = PBXBuildFile; fileRef = 1B4A312119D967000067B674 /* InfoPlist.strings */; };
		1B4A312519D967000067B674 /* Edukonnect_ProTests.m in Sources */ = {isa = PBXBuildFile; fileRef = 1B4A312419D967000067B674 /* Edukonnect_ProTests.m */; };
		1B4A313019D968040067B674 /* MainStoryboard_iPhone.storyboard in Resources */ = {isa = PBXBuildFile; fileRef = 1B4A312F19D968040067B674 /* MainStoryboard_iPhone.storyboard */; };
		1B4A313419D9687B0067B674 /* EKPRegistrationViewController.m in Sources */ = {isa = PBXBuildFile; fileRef = 1B4A313319D9687B0067B674 /* EKPRegistrationViewController.m */; };
		1B4A313919D969F30067B674 /* KDTextField.m in Sources */ = {isa = PBXBuildFile; fileRef = 1B4A313819D969F30067B674 /* KDTextField.m */; };
		1B4A313D19DAC1390067B674 /* EKPConstants.m in Sources */ = {isa = PBXBuildFile; fileRef = 1B4A313C19DAC1390067B674 /* EKPConstants.m */; };
		1B4A314019DAC15E0067B674 /* EKPAlertMessageConstants.m in Sources */ = {isa = PBXBuildFile; fileRef = 1B4A313F19DAC15E0067B674 /* EKPAlertMessageConstants.m */; };
		1B4A314C19DAC2510067B674 /* EKPUtility.m in Sources */ = {isa = PBXBuildFile; fileRef = 1B4A314B19DAC2510067B674 /* EKPUtility.m */; };
		1B4A314F19DACABE0067B674 /* EKPLoginViewController.m in Sources */ = {isa = PBXBuildFile; fileRef = 1B4A314E19DACABE0067B674 /* EKPLoginViewController.m */; };
		1E2A1A991A001B0D000B7695 /* UIImage+EKPImage.m in Sources */ = {isa = PBXBuildFile; fileRef = 1E2A1A981A001B0D000B7695 /* UIImage+EKPImage.m */; };
		1E2A1A9C1A001C61000B7695 /* EKPEnums.m in Sources */ = {isa = PBXBuildFile; fileRef = 1E2A1A9B1A001C61000B7695 /* EKPEnums.m */; };
		1E2A1AA01A001D05000B7695 /* EKPSingleton.m in Sources */ = {isa = PBXBuildFile; fileRef = 1E2A1A9F1A001D05000B7695 /* EKPSingleton.m */; };
		1E454DE319FEBB6D00C9C2D9 /* MainStoryboard_iPad.storyboard in Resources */ = {isa = PBXBuildFile; fileRef = 1E454DE219FEBB6D00C9C2D9 /* MainStoryboard_iPad.storyboard */; };
		1E9CEB521A371B190069C150 /* EKPNoticeAPI.m in Sources */ = {isa = PBXBuildFile; fileRef = 1E9CEB511A371B190069C150 /* EKPNoticeAPI.m */; };
		1E9CEB551A3724CB0069C150 /* EKPNotice.m in Sources */ = {isa = PBXBuildFile; fileRef = 1E9CEB541A3724CB0069C150 /* EKPNotice.m */; };
		1E9CEB581A3730E10069C150 /* EKPEventListViewController.m in Sources */ = {isa = PBXBuildFile; fileRef = 1E9CEB571A3730E10069C150 /* EKPEventListViewController.m */; };
		1E9E96E31A0EA00E007B9585 /* EKPSchool.m in Sources */ = {isa = PBXBuildFile; fileRef = 1E9E96E21A0EA00E007B9585 /* EKPSchool.m */; };
		1E9F01DD1A3420FF00AAC885 /* EKPNoticeListViewController.m in Sources */ = {isa = PBXBuildFile; fileRef = 1E9F01DC1A3420FF00AAC885 /* EKPNoticeListViewController.m */; };
		1E9F01E31A34239700AAC885 /* EKPMenuCollectionViewCell.m in Sources */ = {isa = PBXBuildFile; fileRef = 1E9F01E01A34239700AAC885 /* EKPMenuCollectionViewCell.m */; };
		1E9F01E41A34239700AAC885 /* EKPMenuCollectionViewCell_iPad.xib in Resources */ = {isa = PBXBuildFile; fileRef = 1E9F01E11A34239700AAC885 /* EKPMenuCollectionViewCell_iPad.xib */; };
		1E9F01E51A34239700AAC885 /* EKPMenuCollectionViewCell_iPhone.xib in Resources */ = {isa = PBXBuildFile; fileRef = 1E9F01E21A34239700AAC885 /* EKPMenuCollectionViewCell_iPhone.xib */; };
		1EA25F151A013D0100EAA661 /* UIColor+EKPColor.m in Sources */ = {isa = PBXBuildFile; fileRef = 1EA25F141A013D0100EAA661 /* UIColor+EKPColor.m */; };
		1EA25F191A015B5D00EAA661 /* EKPRegistrationAPI.m in Sources */ = {isa = PBXBuildFile; fileRef = 1EA25F181A015B5D00EAA661 /* EKPRegistrationAPI.m */; };
		1EA3720F1A2E3AD000615958 /* DXPopover.m in Sources */ = {isa = PBXBuildFile; fileRef = 1EA3720E1A2E3AD000615958 /* DXPopover.m */; };
		1EA372151A2E451300615958 /* MJPopupBackgroundView.m in Sources */ = {isa = PBXBuildFile; fileRef = 1EA372121A2E451300615958 /* MJPopupBackgroundView.m */; };
		1EA372161A2E451300615958 /* UIViewController+MJPopupViewController.m in Sources */ = {isa = PBXBuildFile; fileRef = 1EA372141A2E451300615958 /* UIViewController+MJPopupViewController.m */; };
		1EA3721E1A2E45CB00615958 /* EKPSchoolInfoViewController.m in Sources */ = {isa = PBXBuildFile; fileRef = 1EA3721D1A2E45CB00615958 /* EKPSchoolInfoViewController.m */; };
		1EA372231A2E461800615958 /* EKPSchoolInfoViewController.xib in Resources */ = {isa = PBXBuildFile; fileRef = 1EA372221A2E461800615958 /* EKPSchoolInfoViewController.xib */; };
		1EA372261A2E525C00615958 /* EKPSwitchUserViewController.m in Sources */ = {isa = PBXBuildFile; fileRef = 1EA372251A2E525C00615958 /* EKPSwitchUserViewController.m */; };
		1EA3B76F1A32B7C100E88711 /* EKPEduProfileViewController.m in Sources */ = {isa = PBXBuildFile; fileRef = 1EA3B76E1A32B7C100E88711 /* EKPEduProfileViewController.m */; };
		1EA3B7721A333C9100E88711 /* EKPProfileAPI.m in Sources */ = {isa = PBXBuildFile; fileRef = 1EA3B7711A333C9100E88711 /* EKPProfileAPI.m */; };
		1EA3B7751A33408C00E88711 /* EKPProfile.m in Sources */ = {isa = PBXBuildFile; fileRef = 1EA3B7741A33408C00E88711 /* EKPProfile.m */; };
		1EA40FEF1A265DF900416129 /* UIFont+EKPFont.m in Sources */ = {isa = PBXBuildFile; fileRef = 1EA40FEE1A265DF900416129 /* UIFont+EKPFont.m */; };
		1EC335601A06673600CADF22 /* EKPUser.m in Sources */ = {isa = PBXBuildFile; fileRef = 1EC3355F1A06673600CADF22 /* EKPUser.m */; };
		1EC335631A067D3100CADF22 /* EKPLoginAPI.m in Sources */ = {isa = PBXBuildFile; fileRef = 1EC335621A067D3100CADF22 /* EKPLoginAPI.m */; };
		1EC335661A067D9400CADF22 /* EKPStudent.m in Sources */ = {isa = PBXBuildFile; fileRef = 1EC335651A067D9400CADF22 /* EKPStudent.m */; };
/* End PBXBuildFile section */

/* Begin PBXContainerItemProxy section */
		1B4A311C19D967000067B674 /* PBXContainerItemProxy */ = {
			isa = PBXContainerItemProxy;
			containerPortal = 1B4A30F419D967000067B674 /* Project object */;
			proxyType = 1;
			remoteGlobalIDString = 1B4A30FB19D967000067B674;
			remoteInfo = "Edukonnect-Pro";
		};
/* End PBXContainerItemProxy section */

/* Begin PBXFileReference section */
		1B09EEAE19DBD5B00049F667 /* EKPDashboardViewController.h */ = {isa = PBXFileReference; fileEncoding = 4; lastKnownFileType = sourcecode.c.h; path = EKPDashboardViewController.h; sourceTree = "<group>"; };
		1B09EEAF19DBD5B00049F667 /* EKPDashboardViewController.m */ = {isa = PBXFileReference; fileEncoding = 4; lastKnownFileType = sourcecode.c.objc; path = EKPDashboardViewController.m; sourceTree = "<group>"; };
		1B4A30FC19D967000067B674 /* Edukonnect-Pro.app */ = {isa = PBXFileReference; explicitFileType = wrapper.application; includeInIndex = 0; path = "Edukonnect-Pro.app"; sourceTree = BUILT_PRODUCTS_DIR; };
		1B4A30FF19D967000067B674 /* Foundation.framework */ = {isa = PBXFileReference; lastKnownFileType = wrapper.framework; name = Foundation.framework; path = System/Library/Frameworks/Foundation.framework; sourceTree = SDKROOT; };
		1B4A310119D967000067B674 /* CoreGraphics.framework */ = {isa = PBXFileReference; lastKnownFileType = wrapper.framework; name = CoreGraphics.framework; path = System/Library/Frameworks/CoreGraphics.framework; sourceTree = SDKROOT; };
		1B4A310319D967000067B674 /* UIKit.framework */ = {isa = PBXFileReference; lastKnownFileType = wrapper.framework; name = UIKit.framework; path = System/Library/Frameworks/UIKit.framework; sourceTree = SDKROOT; };
		1B4A310719D967000067B674 /* Edukonnect-Pro-Info.plist */ = {isa = PBXFileReference; lastKnownFileType = text.plist.xml; path = "Edukonnect-Pro-Info.plist"; sourceTree = "<group>"; };
		1B4A310919D967000067B674 /* en */ = {isa = PBXFileReference; lastKnownFileType = text.plist.strings; name = en; path = en.lproj/InfoPlist.strings; sourceTree = "<group>"; };
		1B4A310B19D967000067B674 /* main.m */ = {isa = PBXFileReference; lastKnownFileType = sourcecode.c.objc; path = main.m; sourceTree = "<group>"; };
		1B4A310D19D967000067B674 /* Edukonnect-Pro-Prefix.pch */ = {isa = PBXFileReference; lastKnownFileType = sourcecode.c.h; path = "Edukonnect-Pro-Prefix.pch"; sourceTree = "<group>"; };
		1B4A310E19D967000067B674 /* EKPAppDelegate.h */ = {isa = PBXFileReference; lastKnownFileType = sourcecode.c.h; path = EKPAppDelegate.h; sourceTree = "<group>"; };
		1B4A310F19D967000067B674 /* EKPAppDelegate.m */ = {isa = PBXFileReference; lastKnownFileType = sourcecode.c.objc; path = EKPAppDelegate.m; sourceTree = "<group>"; };
		1B4A311119D967000067B674 /* Images.xcassets */ = {isa = PBXFileReference; lastKnownFileType = folder.assetcatalog; path = Images.xcassets; sourceTree = "<group>"; };
		1B4A311719D967000067B674 /* Edukonnect-ProTests.xctest */ = {isa = PBXFileReference; explicitFileType = wrapper.cfbundle; includeInIndex = 0; path = "Edukonnect-ProTests.xctest"; sourceTree = BUILT_PRODUCTS_DIR; };
		1B4A311819D967000067B674 /* XCTest.framework */ = {isa = PBXFileReference; lastKnownFileType = wrapper.framework; name = XCTest.framework; path = Library/Frameworks/XCTest.framework; sourceTree = DEVELOPER_DIR; };
		1B4A312019D967000067B674 /* Edukonnect-ProTests-Info.plist */ = {isa = PBXFileReference; lastKnownFileType = text.plist.xml; path = "Edukonnect-ProTests-Info.plist"; sourceTree = "<group>"; };
		1B4A312219D967000067B674 /* en */ = {isa = PBXFileReference; lastKnownFileType = text.plist.strings; name = en; path = en.lproj/InfoPlist.strings; sourceTree = "<group>"; };
		1B4A312419D967000067B674 /* Edukonnect_ProTests.m */ = {isa = PBXFileReference; lastKnownFileType = sourcecode.c.objc; path = Edukonnect_ProTests.m; sourceTree = "<group>"; };
		1B4A312F19D968040067B674 /* MainStoryboard_iPhone.storyboard */ = {isa = PBXFileReference; fileEncoding = 4; lastKnownFileType = file.storyboard; path = MainStoryboard_iPhone.storyboard; sourceTree = "<group>"; };
		1B4A313219D9687B0067B674 /* EKPRegistrationViewController.h */ = {isa = PBXFileReference; fileEncoding = 4; lastKnownFileType = sourcecode.c.h; path = EKPRegistrationViewController.h; sourceTree = "<group>"; };
		1B4A313319D9687B0067B674 /* EKPRegistrationViewController.m */ = {isa = PBXFileReference; fileEncoding = 4; lastKnownFileType = sourcecode.c.objc; path = EKPRegistrationViewController.m; sourceTree = "<group>"; };
		1B4A313719D969F30067B674 /* KDTextField.h */ = {isa = PBXFileReference; fileEncoding = 4; lastKnownFileType = sourcecode.c.h; path = KDTextField.h; sourceTree = "<group>"; };
		1B4A313819D969F30067B674 /* KDTextField.m */ = {isa = PBXFileReference; fileEncoding = 4; lastKnownFileType = sourcecode.c.objc; path = KDTextField.m; sourceTree = "<group>"; };
		1B4A313B19DAC1390067B674 /* EKPConstants.h */ = {isa = PBXFileReference; fileEncoding = 4; lastKnownFileType = sourcecode.c.h; path = EKPConstants.h; sourceTree = "<group>"; };
		1B4A313C19DAC1390067B674 /* EKPConstants.m */ = {isa = PBXFileReference; fileEncoding = 4; lastKnownFileType = sourcecode.c.objc; path = EKPConstants.m; sourceTree = "<group>"; };
		1B4A313E19DAC15E0067B674 /* EKPAlertMessageConstants.h */ = {isa = PBXFileReference; fileEncoding = 4; lastKnownFileType = sourcecode.c.h; path = EKPAlertMessageConstants.h; sourceTree = "<group>"; };
		1B4A313F19DAC15E0067B674 /* EKPAlertMessageConstants.m */ = {isa = PBXFileReference; fileEncoding = 4; lastKnownFileType = sourcecode.c.objc; path = EKPAlertMessageConstants.m; sourceTree = "<group>"; };
		1B4A314A19DAC2510067B674 /* EKPUtility.h */ = {isa = PBXFileReference; fileEncoding = 4; lastKnownFileType = sourcecode.c.h; path = EKPUtility.h; sourceTree = "<group>"; };
		1B4A314B19DAC2510067B674 /* EKPUtility.m */ = {isa = PBXFileReference; fileEncoding = 4; lastKnownFileType = sourcecode.c.objc; path = EKPUtility.m; sourceTree = "<group>"; };
		1B4A314D19DACABE0067B674 /* EKPLoginViewController.h */ = {isa = PBXFileReference; fileEncoding = 4; lastKnownFileType = sourcecode.c.h; path = EKPLoginViewController.h; sourceTree = "<group>"; };
		1B4A314E19DACABE0067B674 /* EKPLoginViewController.m */ = {isa = PBXFileReference; fileEncoding = 4; lastKnownFileType = sourcecode.c.objc; path = EKPLoginViewController.m; sourceTree = "<group>"; };
		1E2A1A971A001B0D000B7695 /* UIImage+EKPImage.h */ = {isa = PBXFileReference; fileEncoding = 4; lastKnownFileType = sourcecode.c.h; path = "UIImage+EKPImage.h"; sourceTree = "<group>"; };
		1E2A1A981A001B0D000B7695 /* UIImage+EKPImage.m */ = {isa = PBXFileReference; fileEncoding = 4; lastKnownFileType = sourcecode.c.objc; path = "UIImage+EKPImage.m"; sourceTree = "<group>"; };
		1E2A1A9A1A001C61000B7695 /* EKPEnums.h */ = {isa = PBXFileReference; fileEncoding = 4; lastKnownFileType = sourcecode.c.h; path = EKPEnums.h; sourceTree = "<group>"; };
		1E2A1A9B1A001C61000B7695 /* EKPEnums.m */ = {isa = PBXFileReference; fileEncoding = 4; lastKnownFileType = sourcecode.c.objc; path = EKPEnums.m; sourceTree = "<group>"; };
		1E2A1A9E1A001D05000B7695 /* EKPSingleton.h */ = {isa = PBXFileReference; fileEncoding = 4; lastKnownFileType = sourcecode.c.h; path = EKPSingleton.h; sourceTree = "<group>"; };
		1E2A1A9F1A001D05000B7695 /* EKPSingleton.m */ = {isa = PBXFileReference; fileEncoding = 4; lastKnownFileType = sourcecode.c.objc; path = EKPSingleton.m; sourceTree = "<group>"; };
		1E454DE219FEBB6D00C9C2D9 /* MainStoryboard_iPad.storyboard */ = {isa = PBXFileReference; fileEncoding = 4; lastKnownFileType = file.storyboard; path = MainStoryboard_iPad.storyboard; sourceTree = "<group>"; };
		1E9CEB501A371B190069C150 /* EKPNoticeAPI.h */ = {isa = PBXFileReference; fileEncoding = 4; lastKnownFileType = sourcecode.c.h; path = EKPNoticeAPI.h; sourceTree = "<group>"; };
		1E9CEB511A371B190069C150 /* EKPNoticeAPI.m */ = {isa = PBXFileReference; fileEncoding = 4; lastKnownFileType = sourcecode.c.objc; path = EKPNoticeAPI.m; sourceTree = "<group>"; };
		1E9CEB531A3724CB0069C150 /* EKPNotice.h */ = {isa = PBXFileReference; fileEncoding = 4; lastKnownFileType = sourcecode.c.h; path = EKPNotice.h; sourceTree = "<group>"; };
		1E9CEB541A3724CB0069C150 /* EKPNotice.m */ = {isa = PBXFileReference; fileEncoding = 4; lastKnownFileType = sourcecode.c.objc; path = EKPNotice.m; sourceTree = "<group>"; };
		1E9CEB561A3730E10069C150 /* EKPEventListViewController.h */ = {isa = PBXFileReference; fileEncoding = 4; lastKnownFileType = sourcecode.c.h; path = EKPEventListViewController.h; sourceTree = "<group>"; };
		1E9CEB571A3730E10069C150 /* EKPEventListViewController.m */ = {isa = PBXFileReference; fileEncoding = 4; lastKnownFileType = sourcecode.c.objc; path = EKPEventListViewController.m; sourceTree = "<group>"; };
		1E9E96E11A0EA00E007B9585 /* EKPSchool.h */ = {isa = PBXFileReference; fileEncoding = 4; lastKnownFileType = sourcecode.c.h; path = EKPSchool.h; sourceTree = "<group>"; };
		1E9E96E21A0EA00E007B9585 /* EKPSchool.m */ = {isa = PBXFileReference; fileEncoding = 4; lastKnownFileType = sourcecode.c.objc; path = EKPSchool.m; sourceTree = "<group>"; };
		1E9F01DB1A3420FF00AAC885 /* EKPNoticeListViewController.h */ = {isa = PBXFileReference; fileEncoding = 4; lastKnownFileType = sourcecode.c.h; path = EKPNoticeListViewController.h; sourceTree = "<group>"; };
		1E9F01DC1A3420FF00AAC885 /* EKPNoticeListViewController.m */ = {isa = PBXFileReference; fileEncoding = 4; lastKnownFileType = sourcecode.c.objc; path = EKPNoticeListViewController.m; sourceTree = "<group>"; };
		1E9F01DF1A34239700AAC885 /* EKPMenuCollectionViewCell.h */ = {isa = PBXFileReference; fileEncoding = 4; lastKnownFileType = sourcecode.c.h; path = EKPMenuCollectionViewCell.h; sourceTree = "<group>"; };
		1E9F01E01A34239700AAC885 /* EKPMenuCollectionViewCell.m */ = {isa = PBXFileReference; fileEncoding = 4; lastKnownFileType = sourcecode.c.objc; path = EKPMenuCollectionViewCell.m; sourceTree = "<group>"; };
		1E9F01E11A34239700AAC885 /* EKPMenuCollectionViewCell_iPad.xib */ = {isa = PBXFileReference; fileEncoding = 4; lastKnownFileType = file.xib; path = EKPMenuCollectionViewCell_iPad.xib; sourceTree = "<group>"; };
		1E9F01E21A34239700AAC885 /* EKPMenuCollectionViewCell_iPhone.xib */ = {isa = PBXFileReference; fileEncoding = 4; lastKnownFileType = file.xib; path = EKPMenuCollectionViewCell_iPhone.xib; sourceTree = "<group>"; };
		1EA25F131A013D0100EAA661 /* UIColor+EKPColor.h */ = {isa = PBXFileReference; fileEncoding = 4; lastKnownFileType = sourcecode.c.h; path = "UIColor+EKPColor.h"; sourceTree = "<group>"; };
		1EA25F141A013D0100EAA661 /* UIColor+EKPColor.m */ = {isa = PBXFileReference; fileEncoding = 4; lastKnownFileType = sourcecode.c.objc; path = "UIColor+EKPColor.m"; sourceTree = "<group>"; };
		1EA25F171A015B5D00EAA661 /* EKPRegistrationAPI.h */ = {isa = PBXFileReference; fileEncoding = 4; lastKnownFileType = sourcecode.c.h; path = EKPRegistrationAPI.h; sourceTree = "<group>"; };
		1EA25F181A015B5D00EAA661 /* EKPRegistrationAPI.m */ = {isa = PBXFileReference; fileEncoding = 4; lastKnownFileType = sourcecode.c.objc; path = EKPRegistrationAPI.m; sourceTree = "<group>"; };
		1EA3720D1A2E3AD000615958 /* DXPopover.h */ = {isa = PBXFileReference; fileEncoding = 4; lastKnownFileType = sourcecode.c.h; path = DXPopover.h; sourceTree = "<group>"; };
		1EA3720E1A2E3AD000615958 /* DXPopover.m */ = {isa = PBXFileReference; fileEncoding = 4; lastKnownFileType = sourcecode.c.objc; path = DXPopover.m; sourceTree = "<group>"; };
		1EA372111A2E451300615958 /* MJPopupBackgroundView.h */ = {isa = PBXFileReference; fileEncoding = 4; lastKnownFileType = sourcecode.c.h; path = MJPopupBackgroundView.h; sourceTree = "<group>"; };
		1EA372121A2E451300615958 /* MJPopupBackgroundView.m */ = {isa = PBXFileReference; fileEncoding = 4; lastKnownFileType = sourcecode.c.objc; path = MJPopupBackgroundView.m; sourceTree = "<group>"; };
		1EA372131A2E451300615958 /* UIViewController+MJPopupViewController.h */ = {isa = PBXFileReference; fileEncoding = 4; lastKnownFileType = sourcecode.c.h; path = "UIViewController+MJPopupViewController.h"; sourceTree = "<group>"; };
		1EA372141A2E451300615958 /* UIViewController+MJPopupViewController.m */ = {isa = PBXFileReference; fileEncoding = 4; lastKnownFileType = sourcecode.c.objc; path = "UIViewController+MJPopupViewController.m"; sourceTree = "<group>"; };
		1EA3721C1A2E45CB00615958 /* EKPSchoolInfoViewController.h */ = {isa = PBXFileReference; fileEncoding = 4; lastKnownFileType = sourcecode.c.h; path = EKPSchoolInfoViewController.h; sourceTree = "<group>"; };
		1EA3721D1A2E45CB00615958 /* EKPSchoolInfoViewController.m */ = {isa = PBXFileReference; fileEncoding = 4; lastKnownFileType = sourcecode.c.objc; path = EKPSchoolInfoViewController.m; sourceTree = "<group>"; };
		1EA372221A2E461800615958 /* EKPSchoolInfoViewController.xib */ = {isa = PBXFileReference; fileEncoding = 4; lastKnownFileType = file.xib; path = EKPSchoolInfoViewController.xib; sourceTree = "<group>"; };
		1EA372241A2E525C00615958 /* EKPSwitchUserViewController.h */ = {isa = PBXFileReference; fileEncoding = 4; lastKnownFileType = sourcecode.c.h; path = EKPSwitchUserViewController.h; sourceTree = "<group>"; };
		1EA372251A2E525C00615958 /* EKPSwitchUserViewController.m */ = {isa = PBXFileReference; fileEncoding = 4; lastKnownFileType = sourcecode.c.objc; path = EKPSwitchUserViewController.m; sourceTree = "<group>"; };
		1EA3B76D1A32B7C100E88711 /* EKPEduProfileViewController.h */ = {isa = PBXFileReference; fileEncoding = 4; lastKnownFileType = sourcecode.c.h; path = EKPEduProfileViewController.h; sourceTree = "<group>"; };
		1EA3B76E1A32B7C100E88711 /* EKPEduProfileViewController.m */ = {isa = PBXFileReference; fileEncoding = 4; lastKnownFileType = sourcecode.c.objc; path = EKPEduProfileViewController.m; sourceTree = "<group>"; };
		1EA3B7701A333C9100E88711 /* EKPProfileAPI.h */ = {isa = PBXFileReference; fileEncoding = 4; lastKnownFileType = sourcecode.c.h; path = EKPProfileAPI.h; sourceTree = "<group>"; };
		1EA3B7711A333C9100E88711 /* EKPProfileAPI.m */ = {isa = PBXFileReference; fileEncoding = 4; lastKnownFileType = sourcecode.c.objc; path = EKPProfileAPI.m; sourceTree = "<group>"; };
		1EA3B7731A33408C00E88711 /* EKPProfile.h */ = {isa = PBXFileReference; fileEncoding = 4; lastKnownFileType = sourcecode.c.h; path = EKPProfile.h; sourceTree = "<group>"; };
		1EA3B7741A33408C00E88711 /* EKPProfile.m */ = {isa = PBXFileReference; fileEncoding = 4; lastKnownFileType = sourcecode.c.objc; path = EKPProfile.m; sourceTree = "<group>"; };
		1EA40FED1A265DF900416129 /* UIFont+EKPFont.h */ = {isa = PBXFileReference; fileEncoding = 4; lastKnownFileType = sourcecode.c.h; path = "UIFont+EKPFont.h"; sourceTree = "<group>"; };
		1EA40FEE1A265DF900416129 /* UIFont+EKPFont.m */ = {isa = PBXFileReference; fileEncoding = 4; lastKnownFileType = sourcecode.c.objc; path = "UIFont+EKPFont.m"; sourceTree = "<group>"; };
		1EC3355E1A06673600CADF22 /* EKPUser.h */ = {isa = PBXFileReference; fileEncoding = 4; lastKnownFileType = sourcecode.c.h; path = EKPUser.h; sourceTree = "<group>"; };
		1EC3355F1A06673600CADF22 /* EKPUser.m */ = {isa = PBXFileReference; fileEncoding = 4; lastKnownFileType = sourcecode.c.objc; path = EKPUser.m; sourceTree = "<group>"; };
		1EC335611A067D3100CADF22 /* EKPLoginAPI.h */ = {isa = PBXFileReference; fileEncoding = 4; lastKnownFileType = sourcecode.c.h; path = EKPLoginAPI.h; sourceTree = "<group>"; };
		1EC335621A067D3100CADF22 /* EKPLoginAPI.m */ = {isa = PBXFileReference; fileEncoding = 4; lastKnownFileType = sourcecode.c.objc; path = EKPLoginAPI.m; sourceTree = "<group>"; };
		1EC335641A067D9400CADF22 /* EKPStudent.h */ = {isa = PBXFileReference; fileEncoding = 4; lastKnownFileType = sourcecode.c.h; path = EKPStudent.h; sourceTree = "<group>"; };
		1EC335651A067D9400CADF22 /* EKPStudent.m */ = {isa = PBXFileReference; fileEncoding = 4; lastKnownFileType = sourcecode.c.objc; path = EKPStudent.m; sourceTree = "<group>"; };
/* End PBXFileReference section */

/* Begin PBXFrameworksBuildPhase section */
		1B4A30F919D967000067B674 /* Frameworks */ = {
			isa = PBXFrameworksBuildPhase;
			buildActionMask = 2147483647;
			files = (
				1B4A310219D967000067B674 /* CoreGraphics.framework in Frameworks */,
				1B4A310419D967000067B674 /* UIKit.framework in Frameworks */,
				1B4A310019D967000067B674 /* Foundation.framework in Frameworks */,
			);
			runOnlyForDeploymentPostprocessing = 0;
		};
		1B4A311419D967000067B674 /* Frameworks */ = {
			isa = PBXFrameworksBuildPhase;
			buildActionMask = 2147483647;
			files = (
				1B4A311919D967000067B674 /* XCTest.framework in Frameworks */,
				1B4A311B19D967000067B674 /* UIKit.framework in Frameworks */,
				1B4A311A19D967000067B674 /* Foundation.framework in Frameworks */,
			);
			runOnlyForDeploymentPostprocessing = 0;
		};
/* End PBXFrameworksBuildPhase section */

/* Begin PBXGroup section */
		1B4A30F319D967000067B674 = {
			isa = PBXGroup;
			children = (
				1B4A310519D967000067B674 /* Edukonnect-Pro */,
				1B4A311E19D967000067B674 /* Edukonnect-ProTests */,
				1B4A30FE19D967000067B674 /* Frameworks */,
				1B4A30FD19D967000067B674 /* Products */,
			);
			sourceTree = "<group>";
		};
		1B4A30FD19D967000067B674 /* Products */ = {
			isa = PBXGroup;
			children = (
				1B4A30FC19D967000067B674 /* Edukonnect-Pro.app */,
				1B4A311719D967000067B674 /* Edukonnect-ProTests.xctest */,
			);
			name = Products;
			sourceTree = "<group>";
		};
		1B4A30FE19D967000067B674 /* Frameworks */ = {
			isa = PBXGroup;
			children = (
				1B4A30FF19D967000067B674 /* Foundation.framework */,
				1B4A310119D967000067B674 /* CoreGraphics.framework */,
				1B4A310319D967000067B674 /* UIKit.framework */,
				1B4A311819D967000067B674 /* XCTest.framework */,
			);
			name = Frameworks;
			sourceTree = "<group>";
		};
		1B4A310519D967000067B674 /* Edukonnect-Pro */ = {
			isa = PBXGroup;
			children = (
				1B4A310E19D967000067B674 /* EKPAppDelegate.h */,
				1B4A310F19D967000067B674 /* EKPAppDelegate.m */,
				1EC3355D1A06672000CADF22 /* Data Models */,
				1EA25F161A015B3B00EAA661 /* API */,
				1B4A313A19DAC10F0067B674 /* Common */,
				1B4A313519D969AF0067B674 /* CustomViews */,
				1B4A313119D968570067B674 /* ViewControllers */,
				1B4A312E19D967D40067B674 /* Storyboards */,
				1B4A311119D967000067B674 /* Images.xcassets */,
				1B4A310619D967000067B674 /* Supporting Files */,
			);
			path = "Edukonnect-Pro";
			sourceTree = "<group>";
		};
		1B4A310619D967000067B674 /* Supporting Files */ = {
			isa = PBXGroup;
			children = (
				1B4A310719D967000067B674 /* Edukonnect-Pro-Info.plist */,
				1B4A310819D967000067B674 /* InfoPlist.strings */,
				1B4A310B19D967000067B674 /* main.m */,
				1B4A310D19D967000067B674 /* Edukonnect-Pro-Prefix.pch */,
			);
			name = "Supporting Files";
			sourceTree = "<group>";
		};
		1B4A311E19D967000067B674 /* Edukonnect-ProTests */ = {
			isa = PBXGroup;
			children = (
				1B4A312419D967000067B674 /* Edukonnect_ProTests.m */,
				1B4A311F19D967000067B674 /* Supporting Files */,
			);
			path = "Edukonnect-ProTests";
			sourceTree = "<group>";
		};
		1B4A311F19D967000067B674 /* Supporting Files */ = {
			isa = PBXGroup;
			children = (
				1B4A312019D967000067B674 /* Edukonnect-ProTests-Info.plist */,
				1B4A312119D967000067B674 /* InfoPlist.strings */,
			);
			name = "Supporting Files";
			sourceTree = "<group>";
		};
		1B4A312E19D967D40067B674 /* Storyboards */ = {
			isa = PBXGroup;
			children = (
				1B4A312F19D968040067B674 /* MainStoryboard_iPhone.storyboard */,
				1E454DE219FEBB6D00C9C2D9 /* MainStoryboard_iPad.storyboard */,
			);
			path = Storyboards;
			sourceTree = "<group>";
		};
		1B4A313119D968570067B674 /* ViewControllers */ = {
			isa = PBXGroup;
			children = (
				1EA3721F1A2E45E400615958 /* Xib */,
				1B4A313219D9687B0067B674 /* EKPRegistrationViewController.h */,
				1B4A313319D9687B0067B674 /* EKPRegistrationViewController.m */,
				1B4A314D19DACABE0067B674 /* EKPLoginViewController.h */,
				1B4A314E19DACABE0067B674 /* EKPLoginViewController.m */,
				1B09EEAE19DBD5B00049F667 /* EKPDashboardViewController.h */,
				1B09EEAF19DBD5B00049F667 /* EKPDashboardViewController.m */,
				1EA3721C1A2E45CB00615958 /* EKPSchoolInfoViewController.h */,
				1EA3721D1A2E45CB00615958 /* EKPSchoolInfoViewController.m */,
				1EA372241A2E525C00615958 /* EKPSwitchUserViewController.h */,
				1EA372251A2E525C00615958 /* EKPSwitchUserViewController.m */,
				1EA3B76D1A32B7C100E88711 /* EKPEduProfileViewController.h */,
				1EA3B76E1A32B7C100E88711 /* EKPEduProfileViewController.m */,
				1E9F01DB1A3420FF00AAC885 /* EKPNoticeListViewController.h */,
				1E9F01DC1A3420FF00AAC885 /* EKPNoticeListViewController.m */,
				1E9CEB561A3730E10069C150 /* EKPEventListViewController.h */,
				1E9CEB571A3730E10069C150 /* EKPEventListViewController.m */,
			);
			path = ViewControllers;
			sourceTree = "<group>";
		};
		1B4A313519D969AF0067B674 /* CustomViews */ = {
			isa = PBXGroup;
			children = (
				1EA372101A2E451300615958 /* MJPopUp */,
				1E9F01DE1A34239700AAC885 /* EKPMenuCollectionViewCell */,
				1EA3720C1A2E3AD000615958 /* DXPopover */,
				1B4A313619D969E10067B674 /* KDTextField */,
			);
			path = CustomViews;
			sourceTree = "<group>";
		};
		1B4A313619D969E10067B674 /* KDTextField */ = {
			isa = PBXGroup;
			children = (
				1B4A313719D969F30067B674 /* KDTextField.h */,
				1B4A313819D969F30067B674 /* KDTextField.m */,
			);
			path = KDTextField;
			sourceTree = "<group>";
		};
		1B4A313A19DAC10F0067B674 /* Common */ = {
			isa = PBXGroup;
			children = (
				1E2A1A9D1A001CF2000B7695 /* Singleton */,
				1E2A1A961A001AE3000B7695 /* Categories */,
				1B4A314919DAC2410067B674 /* Utility */,
				1B4A313B19DAC1390067B674 /* EKPConstants.h */,
				1B4A313C19DAC1390067B674 /* EKPConstants.m */,
				1B4A313E19DAC15E0067B674 /* EKPAlertMessageConstants.h */,
				1B4A313F19DAC15E0067B674 /* EKPAlertMessageConstants.m */,
				1E2A1A9A1A001C61000B7695 /* EKPEnums.h */,
				1E2A1A9B1A001C61000B7695 /* EKPEnums.m */,
			);
			path = Common;
			sourceTree = "<group>";
		};
		1B4A314919DAC2410067B674 /* Utility */ = {
			isa = PBXGroup;
			children = (
				1B4A314A19DAC2510067B674 /* EKPUtility.h */,
				1B4A314B19DAC2510067B674 /* EKPUtility.m */,
			);
			path = Utility;
			sourceTree = "<group>";
		};
		1E2A1A961A001AE3000B7695 /* Categories */ = {
			isa = PBXGroup;
			children = (
				1E2A1A971A001B0D000B7695 /* UIImage+EKPImage.h */,
				1E2A1A981A001B0D000B7695 /* UIImage+EKPImage.m */,
				1EA25F131A013D0100EAA661 /* UIColor+EKPColor.h */,
				1EA25F141A013D0100EAA661 /* UIColor+EKPColor.m */,
				1EA40FED1A265DF900416129 /* UIFont+EKPFont.h */,
				1EA40FEE1A265DF900416129 /* UIFont+EKPFont.m */,
			);
			path = Categories;
			sourceTree = "<group>";
		};
		1E2A1A9D1A001CF2000B7695 /* Singleton */ = {
			isa = PBXGroup;
			children = (
				1E2A1A9E1A001D05000B7695 /* EKPSingleton.h */,
				1E2A1A9F1A001D05000B7695 /* EKPSingleton.m */,
			);
			path = Singleton;
			sourceTree = "<group>";
		};
		1E9F01DE1A34239700AAC885 /* EKPMenuCollectionViewCell */ = {
			isa = PBXGroup;
			children = (
				1E9F01DF1A34239700AAC885 /* EKPMenuCollectionViewCell.h */,
				1E9F01E01A34239700AAC885 /* EKPMenuCollectionViewCell.m */,
				1E9F01E11A34239700AAC885 /* EKPMenuCollectionViewCell_iPad.xib */,
				1E9F01E21A34239700AAC885 /* EKPMenuCollectionViewCell_iPhone.xib */,
			);
			name = EKPMenuCollectionViewCell;
			path = KDTextField/EKPMenuCollectionViewCell;
			sourceTree = "<group>";
		};
		1EA25F161A015B3B00EAA661 /* API */ = {
			isa = PBXGroup;
			children = (
				1EA25F171A015B5D00EAA661 /* EKPRegistrationAPI.h */,
				1EA25F181A015B5D00EAA661 /* EKPRegistrationAPI.m */,
				1EC335611A067D3100CADF22 /* EKPLoginAPI.h */,
				1EC335621A067D3100CADF22 /* EKPLoginAPI.m */,
				1EA3B7701A333C9100E88711 /* EKPProfileAPI.h */,
				1EA3B7711A333C9100E88711 /* EKPProfileAPI.m */,
				1E9CEB501A371B190069C150 /* EKPNoticeAPI.h */,
				1E9CEB511A371B190069C150 /* EKPNoticeAPI.m */,
			);
			path = API;
			sourceTree = "<group>";
		};
		1EA3720C1A2E3AD000615958 /* DXPopover */ = {
			isa = PBXGroup;
			children = (
				1EA3720D1A2E3AD000615958 /* DXPopover.h */,
				1EA3720E1A2E3AD000615958 /* DXPopover.m */,
			);
			path = DXPopover;
			sourceTree = "<group>";
		};
		1EA372101A2E451300615958 /* MJPopUp */ = {
			isa = PBXGroup;
			children = (
				1EA372111A2E451300615958 /* MJPopupBackgroundView.h */,
				1EA372121A2E451300615958 /* MJPopupBackgroundView.m */,
				1EA372131A2E451300615958 /* UIViewController+MJPopupViewController.h */,
				1EA372141A2E451300615958 /* UIViewController+MJPopupViewController.m */,
			);
			path = MJPopUp;
			sourceTree = "<group>";
		};
		1EA3721F1A2E45E400615958 /* Xib */ = {
			isa = PBXGroup;
			children = (
				1EA372221A2E461800615958 /* EKPSchoolInfoViewController.xib */,
			);
			path = Xib;
			sourceTree = "<group>";
		};
		1EC3355D1A06672000CADF22 /* Data Models */ = {
			isa = PBXGroup;
			children = (
				1EC3355E1A06673600CADF22 /* EKPUser.h */,
				1EC3355F1A06673600CADF22 /* EKPUser.m */,
				1EC335641A067D9400CADF22 /* EKPStudent.h */,
				1EC335651A067D9400CADF22 /* EKPStudent.m */,
				1E9E96E11A0EA00E007B9585 /* EKPSchool.h */,
				1E9E96E21A0EA00E007B9585 /* EKPSchool.m */,
				1EA3B7731A33408C00E88711 /* EKPProfile.h */,
				1EA3B7741A33408C00E88711 /* EKPProfile.m */,
				1E9CEB531A3724CB0069C150 /* EKPNotice.h */,
				1E9CEB541A3724CB0069C150 /* EKPNotice.m */,
			);
			path = "Data Models";
			sourceTree = "<group>";
		};
/* End PBXGroup section */

/* Begin PBXNativeTarget section */
		1B4A30FB19D967000067B674 /* Edukonnect-Pro */ = {
			isa = PBXNativeTarget;
			buildConfigurationList = 1B4A312819D967000067B674 /* Build configuration list for PBXNativeTarget "Edukonnect-Pro" */;
			buildPhases = (
				1B4A30F819D967000067B674 /* Sources */,
				1B4A30F919D967000067B674 /* Frameworks */,
				1B4A30FA19D967000067B674 /* Resources */,
			);
			buildRules = (
			);
			dependencies = (
			);
			name = "Edukonnect-Pro";
			productName = "Edukonnect-Pro";
			productReference = 1B4A30FC19D967000067B674 /* Edukonnect-Pro.app */;
			productType = "com.apple.product-type.application";
		};
		1B4A311619D967000067B674 /* Edukonnect-ProTests */ = {
			isa = PBXNativeTarget;
			buildConfigurationList = 1B4A312B19D967000067B674 /* Build configuration list for PBXNativeTarget "Edukonnect-ProTests" */;
			buildPhases = (
				1B4A311319D967000067B674 /* Sources */,
				1B4A311419D967000067B674 /* Frameworks */,
				1B4A311519D967000067B674 /* Resources */,
			);
			buildRules = (
			);
			dependencies = (
				1B4A311D19D967000067B674 /* PBXTargetDependency */,
			);
			name = "Edukonnect-ProTests";
			productName = "Edukonnect-ProTests";
			productReference = 1B4A311719D967000067B674 /* Edukonnect-ProTests.xctest */;
			productType = "com.apple.product-type.bundle.unit-test";
		};
/* End PBXNativeTarget section */

/* Begin PBXProject section */
		1B4A30F419D967000067B674 /* Project object */ = {
			isa = PBXProject;
			attributes = {
				CLASSPREFIX = EKP;
				LastUpgradeCheck = 0510;
				ORGANIZATIONNAME = "Kedar Desai";
				TargetAttributes = {
					1B4A311619D967000067B674 = {
						TestTargetID = 1B4A30FB19D967000067B674;
					};
				};
			};
			buildConfigurationList = 1B4A30F719D967000067B674 /* Build configuration list for PBXProject "Edukonnect-Pro" */;
			compatibilityVersion = "Xcode 3.2";
			developmentRegion = English;
			hasScannedForEncodings = 0;
			knownRegions = (
				en,
			);
			mainGroup = 1B4A30F319D967000067B674;
			productRefGroup = 1B4A30FD19D967000067B674 /* Products */;
			projectDirPath = "";
			projectRoot = "";
			targets = (
				1B4A30FB19D967000067B674 /* Edukonnect-Pro */,
				1B4A311619D967000067B674 /* Edukonnect-ProTests */,
			);
		};
/* End PBXProject section */

/* Begin PBXResourcesBuildPhase section */
		1B4A30FA19D967000067B674 /* Resources */ = {
			isa = PBXResourcesBuildPhase;
			buildActionMask = 2147483647;
			files = (
				1EA372231A2E461800615958 /* EKPSchoolInfoViewController.xib in Resources */,
				1E9F01E51A34239700AAC885 /* EKPMenuCollectionViewCell_iPhone.xib in Resources */,
				1E454DE319FEBB6D00C9C2D9 /* MainStoryboard_iPad.storyboard in Resources */,
				1B4A313019D968040067B674 /* MainStoryboard_iPhone.storyboard in Resources */,
				1B4A310A19D967000067B674 /* InfoPlist.strings in Resources */,
				1E9F01E41A34239700AAC885 /* EKPMenuCollectionViewCell_iPad.xib in Resources */,
				1B4A311219D967000067B674 /* Images.xcassets in Resources */,
			);
			runOnlyForDeploymentPostprocessing = 0;
		};
		1B4A311519D967000067B674 /* Resources */ = {
			isa = PBXResourcesBuildPhase;
			buildActionMask = 2147483647;
			files = (
				1B4A312319D967000067B674 /* InfoPlist.strings in Resources */,
			);
			runOnlyForDeploymentPostprocessing = 0;
		};
/* End PBXResourcesBuildPhase section */

/* Begin PBXSourcesBuildPhase section */
		1B4A30F819D967000067B674 /* Sources */ = {
			isa = PBXSourcesBuildPhase;
			buildActionMask = 2147483647;
			files = (
				1B4A313D19DAC1390067B674 /* EKPConstants.m in Sources */,
				1B4A313919D969F30067B674 /* KDTextField.m in Sources */,
				1EA3B76F1A32B7C100E88711 /* EKPEduProfileViewController.m in Sources */,
				1E2A1A9C1A001C61000B7695 /* EKPEnums.m in Sources */,
				1EA3721E1A2E45CB00615958 /* EKPSchoolInfoViewController.m in Sources */,
				1E9CEB521A371B190069C150 /* EKPNoticeAPI.m in Sources */,
				1B4A310C19D967000067B674 /* main.m in Sources */,
				1E2A1AA01A001D05000B7695 /* EKPSingleton.m in Sources */,
				1B4A314F19DACABE0067B674 /* EKPLoginViewController.m in Sources */,
				1E9E96E31A0EA00E007B9585 /* EKPSchool.m in Sources */,
				1E2A1A991A001B0D000B7695 /* UIImage+EKPImage.m in Sources */,
				1E9F01DD1A3420FF00AAC885 /* EKPNoticeListViewController.m in Sources */,
				1EA372161A2E451300615958 /* UIViewController+MJPopupViewController.m in Sources */,
				1EA3720F1A2E3AD000615958 /* DXPopover.m in Sources */,
				1B4A314C19DAC2510067B674 /* EKPUtility.m in Sources */,
				1B4A314019DAC15E0067B674 /* EKPAlertMessageConstants.m in Sources */,
				1B4A311019D967000067B674 /* EKPAppDelegate.m in Sources */,
				1EC335601A06673600CADF22 /* EKPUser.m in Sources */,
				1E9CEB551A3724CB0069C150 /* EKPNotice.m in Sources */,
				1EC335631A067D3100CADF22 /* EKPLoginAPI.m in Sources */,
				1E9CEB581A3730E10069C150 /* EKPEventListViewController.m in Sources */,
				1EA40FEF1A265DF900416129 /* UIFont+EKPFont.m in Sources */,
				1EA372261A2E525C00615958 /* EKPSwitchUserViewController.m in Sources */,
				1EA3B7751A33408C00E88711 /* EKPProfile.m in Sources */,
				1EA372151A2E451300615958 /* MJPopupBackgroundView.m in Sources */,
				1EA25F191A015B5D00EAA661 /* EKPRegistrationAPI.m in Sources */,
				1EC335661A067D9400CADF22 /* EKPStudent.m in Sources */,
				1EA3B7721A333C9100E88711 /* EKPProfileAPI.m in Sources */,
				1EA25F151A013D0100EAA661 /* UIColor+EKPColor.m in Sources */,
				1B09EEB019DBD5B00049F667 /* EKPDashboardViewController.m in Sources */,
				1B4A313419D9687B0067B674 /* EKPRegistrationViewController.m in Sources */,
				1E9F01E31A34239700AAC885 /* EKPMenuCollectionViewCell.m in Sources */,
			);
			runOnlyForDeploymentPostprocessing = 0;
		};
		1B4A311319D967000067B674 /* Sources */ = {
			isa = PBXSourcesBuildPhase;
			buildActionMask = 2147483647;
			files = (
				1B4A312519D967000067B674 /* Edukonnect_ProTests.m in Sources */,
			);
			runOnlyForDeploymentPostprocessing = 0;
		};
/* End PBXSourcesBuildPhase section */

/* Begin PBXTargetDependency section */
		1B4A311D19D967000067B674 /* PBXTargetDependency */ = {
			isa = PBXTargetDependency;
			target = 1B4A30FB19D967000067B674 /* Edukonnect-Pro */;
			targetProxy = 1B4A311C19D967000067B674 /* PBXContainerItemProxy */;
		};
/* End PBXTargetDependency section */

/* Begin PBXVariantGroup section */
		1B4A310819D967000067B674 /* InfoPlist.strings */ = {
			isa = PBXVariantGroup;
			children = (
				1B4A310919D967000067B674 /* en */,
			);
			name = InfoPlist.strings;
			sourceTree = "<group>";
		};
		1B4A312119D967000067B674 /* InfoPlist.strings */ = {
			isa = PBXVariantGroup;
			children = (
				1B4A312219D967000067B674 /* en */,
			);
			name = InfoPlist.strings;
			sourceTree = "<group>";
		};
/* End PBXVariantGroup section */

/* Begin XCBuildConfiguration section */
		1B4A312619D967000067B674 /* Debug */ = {
			isa = XCBuildConfiguration;
			buildSettings = {
				ALWAYS_SEARCH_USER_PATHS = NO;
				CLANG_CXX_LANGUAGE_STANDARD = "gnu++0x";
				CLANG_CXX_LIBRARY = "libc++";
				CLANG_ENABLE_MODULES = YES;
				CLANG_ENABLE_OBJC_ARC = YES;
				CLANG_WARN_BOOL_CONVERSION = YES;
				CLANG_WARN_CONSTANT_CONVERSION = YES;
				CLANG_WARN_DIRECT_OBJC_ISA_USAGE = YES_ERROR;
				CLANG_WARN_EMPTY_BODY = YES;
				CLANG_WARN_ENUM_CONVERSION = YES;
				CLANG_WARN_INT_CONVERSION = YES;
				CLANG_WARN_OBJC_ROOT_CLASS = YES_ERROR;
				CLANG_WARN__DUPLICATE_METHOD_MATCH = YES;
				"CODE_SIGN_IDENTITY[sdk=iphoneos*]" = "iPhone Developer";
				COPY_PHASE_STRIP = NO;
				GCC_C_LANGUAGE_STANDARD = gnu99;
				GCC_DYNAMIC_NO_PIC = NO;
				GCC_OPTIMIZATION_LEVEL = 0;
				GCC_PREPROCESSOR_DEFINITIONS = (
					"DEBUG=1",
					"$(inherited)",
				);
				GCC_SYMBOLS_PRIVATE_EXTERN = NO;
				GCC_WARN_64_TO_32_BIT_CONVERSION = YES;
				GCC_WARN_ABOUT_RETURN_TYPE = YES_ERROR;
				GCC_WARN_UNDECLARED_SELECTOR = YES;
				GCC_WARN_UNINITIALIZED_AUTOS = YES_AGGRESSIVE;
				GCC_WARN_UNUSED_FUNCTION = YES;
				GCC_WARN_UNUSED_VARIABLE = YES;
				IPHONEOS_DEPLOYMENT_TARGET = 7.1;
				ONLY_ACTIVE_ARCH = YES;
				SDKROOT = iphoneos;
			};
			name = Debug;
		};
		1B4A312719D967000067B674 /* Release */ = {
			isa = XCBuildConfiguration;
			buildSettings = {
				ALWAYS_SEARCH_USER_PATHS = NO;
				CLANG_CXX_LANGUAGE_STANDARD = "gnu++0x";
				CLANG_CXX_LIBRARY = "libc++";
				CLANG_ENABLE_MODULES = YES;
				CLANG_ENABLE_OBJC_ARC = YES;
				CLANG_WARN_BOOL_CONVERSION = YES;
				CLANG_WARN_CONSTANT_CONVERSION = YES;
				CLANG_WARN_DIRECT_OBJC_ISA_USAGE = YES_ERROR;
				CLANG_WARN_EMPTY_BODY = YES;
				CLANG_WARN_ENUM_CONVERSION = YES;
				CLANG_WARN_INT_CONVERSION = YES;
				CLANG_WARN_OBJC_ROOT_CLASS = YES_ERROR;
				CLANG_WARN__DUPLICATE_METHOD_MATCH = YES;
				"CODE_SIGN_IDENTITY[sdk=iphoneos*]" = "iPhone Developer";
				COPY_PHASE_STRIP = YES;
				ENABLE_NS_ASSERTIONS = NO;
				GCC_C_LANGUAGE_STANDARD = gnu99;
				GCC_WARN_64_TO_32_BIT_CONVERSION = YES;
				GCC_WARN_ABOUT_RETURN_TYPE = YES_ERROR;
				GCC_WARN_UNDECLARED_SELECTOR = YES;
				GCC_WARN_UNINITIALIZED_AUTOS = YES_AGGRESSIVE;
				GCC_WARN_UNUSED_FUNCTION = YES;
				GCC_WARN_UNUSED_VARIABLE = YES;
				IPHONEOS_DEPLOYMENT_TARGET = 7.1;
				SDKROOT = iphoneos;
				VALIDATE_PRODUCT = YES;
			};
			name = Release;
		};
		1B4A312919D967000067B674 /* Debug */ = {
			isa = XCBuildConfiguration;
			buildSettings = {
				ASSETCATALOG_COMPILER_APPICON_NAME = AppIcon;
				ASSETCATALOG_COMPILER_LAUNCHIMAGE_NAME = LaunchImage;
				GCC_PRECOMPILE_PREFIX_HEADER = YES;
				GCC_PREFIX_HEADER = "Edukonnect-Pro/Edukonnect-Pro-Prefix.pch";
				INFOPLIST_FILE = "Edukonnect-Pro/Edukonnect-Pro-Info.plist";
				IPHONEOS_DEPLOYMENT_TARGET = 7.0;
				PRODUCT_NAME = "$(TARGET_NAME)";
				TARGETED_DEVICE_FAMILY = "1,2";
				WRAPPER_EXTENSION = app;
			};
			name = Debug;
		};
		1B4A312A19D967000067B674 /* Release */ = {
			isa = XCBuildConfiguration;
			buildSettings = {
				ASSETCATALOG_COMPILER_APPICON_NAME = AppIcon;
				ASSETCATALOG_COMPILER_LAUNCHIMAGE_NAME = LaunchImage;
				GCC_PRECOMPILE_PREFIX_HEADER = YES;
				GCC_PREFIX_HEADER = "Edukonnect-Pro/Edukonnect-Pro-Prefix.pch";
				INFOPLIST_FILE = "Edukonnect-Pro/Edukonnect-Pro-Info.plist";
				IPHONEOS_DEPLOYMENT_TARGET = 7.0;
				PRODUCT_NAME = "$(TARGET_NAME)";
				TARGETED_DEVICE_FAMILY = "1,2";
				WRAPPER_EXTENSION = app;
			};
			name = Release;
		};
		1B4A312C19D967000067B674 /* Debug */ = {
			isa = XCBuildConfiguration;
			buildSettings = {
				BUNDLE_LOADER = "$(BUILT_PRODUCTS_DIR)/Edukonnect-Pro.app/Edukonnect-Pro";
				FRAMEWORK_SEARCH_PATHS = (
					"$(SDKROOT)/Developer/Library/Frameworks",
					"$(inherited)",
					"$(DEVELOPER_FRAMEWORKS_DIR)",
				);
				GCC_PRECOMPILE_PREFIX_HEADER = YES;
				GCC_PREFIX_HEADER = "Edukonnect-Pro/Edukonnect-Pro-Prefix.pch";
				GCC_PREPROCESSOR_DEFINITIONS = (
					"DEBUG=1",
					"$(inherited)",
				);
				INFOPLIST_FILE = "Edukonnect-ProTests/Edukonnect-ProTests-Info.plist";
				PRODUCT_NAME = "$(TARGET_NAME)";
				TEST_HOST = "$(BUNDLE_LOADER)";
				WRAPPER_EXTENSION = xctest;
			};
			name = Debug;
		};
		1B4A312D19D967000067B674 /* Release */ = {
			isa = XCBuildConfiguration;
			buildSettings = {
				BUNDLE_LOADER = "$(BUILT_PRODUCTS_DIR)/Edukonnect-Pro.app/Edukonnect-Pro";
				FRAMEWORK_SEARCH_PATHS = (
					"$(SDKROOT)/Developer/Library/Frameworks",
					"$(inherited)",
					"$(DEVELOPER_FRAMEWORKS_DIR)",
				);
				GCC_PRECOMPILE_PREFIX_HEADER = YES;
				GCC_PREFIX_HEADER = "Edukonnect-Pro/Edukonnect-Pro-Prefix.pch";
				INFOPLIST_FILE = "Edukonnect-ProTests/Edukonnect-ProTests-Info.plist";
				PRODUCT_NAME = "$(TARGET_NAME)";
				TEST_HOST = "$(BUNDLE_LOADER)";
				WRAPPER_EXTENSION = xctest;
			};
			name = Release;
		};
/* End XCBuildConfiguration section */

/* Begin XCConfigurationList section */
		1B4A30F719D967000067B674 /* Build configuration list for PBXProject "Edukonnect-Pro" */ = {
			isa = XCConfigurationList;
			buildConfigurations = (
				1B4A312619D967000067B674 /* Debug */,
				1B4A312719D967000067B674 /* Release */,
			);
			defaultConfigurationIsVisible = 0;
			defaultConfigurationName = Release;
		};
		1B4A312819D967000067B674 /* Build configuration list for PBXNativeTarget "Edukonnect-Pro" */ = {
			isa = XCConfigurationList;
			buildConfigurations = (
				1B4A312919D967000067B674 /* Debug */,
				1B4A312A19D967000067B674 /* Release */,
			);
			defaultConfigurationIsVisible = 0;
			defaultConfigurationName = Release;
		};
		1B4A312B19D967000067B674 /* Build configuration list for PBXNativeTarget "Edukonnect-ProTests" */ = {
			isa = XCConfigurationList;
			buildConfigurations = (
				1B4A312C19D967000067B674 /* Debug */,
				1B4A312D19D967000067B674 /* Release */,
			);
			defaultConfigurationIsVisible = 0;
			defaultConfigurationName = Release;
		};
/* End XCConfigurationList section */
	};
	rootObject = 1B4A30F419D967000067B674 /* Project object */;
}
